
Microsoft Visual Studio Solution File, Format Version 12.00
# Visual Studio Version 17
VisualStudioVersion = 17.7.34024.191
MinimumVisualStudioVersion = 10.0.40219.1
Project("{9A19103F-16F7-4668-BE54-9A1E7A4F7556}") = "lab1", "lab1\lab1.csproj", "{D90FA6BB-549E-48BD-BEA5-FBEFB8B941B5}"
EndProject
Project("{9A19103F-16F7-4668-BE54-9A1E7A4F7556}") = "ClassLibrary", "ClassLibrary\ClassLibrary.csproj", "{1EAF926E-0197-453B-915B-B1C66AE75675}"
EndProject
Project("{9A19103F-16F7-4668-BE54-9A1E7A4F7556}") = "lab2", "lab2\lab2.csproj", "{3933C472-9D70-4CC0-B703-4EBD6E9F7BB0}"
EndProject
Global
	GlobalSection(SolutionConfigurationPlatforms) = preSolution
		Debug|Any CPU = Debug|Any CPU
		Release|Any CPU = Release|Any CPU
	EndGlobalSection
	GlobalSection(ProjectConfigurationPlatforms) = postSolution
		{D90FA6BB-549E-48BD-BEA5-FBEFB8B941B5}.Debug|Any CPU.ActiveCfg = Debug|Any CPU
		{D90FA6BB-549E-48BD-BEA5-FBEFB8B941B5}.Debug|Any CPU.Build.0 = Debug|Any CPU
		{D90FA6BB-549E-48BD-BEA5-FBEFB8B941B5}.Release|Any CPU.ActiveCfg = Release|Any CPU
		{D90FA6BB-549E-48BD-BEA5-FBEFB8B941B5}.Release|Any CPU.Build.0 = Release|Any CPU
		{1EAF926E-0197-453B-915B-B1C66AE75675}.Debug|Any CPU.ActiveCfg = Debug|Any CPU
		{1EAF926E-0197-453B-915B-B1C66AE75675}.Debug|Any CPU.Build.0 = Debug|Any CPU
		{1EAF926E-0197-453B-915B-B1C66AE75675}.Release|Any CPU.ActiveCfg = Release|Any CPU
		{1EAF926E-0197-453B-915B-B1C66AE75675}.Release|Any CPU.Build.0 = Release|Any CPU
		{3933C472-9D70-4CC0-B703-4EBD6E9F7BB0}.Debug|Any CPU.ActiveCfg = Debug|Any CPU
		{3933C472-9D70-4CC0-B703-4EBD6E9F7BB0}.Debug|Any CPU.Build.0 = Debug|Any CPU
		{3933C472-9D70-4CC0-B703-4EBD6E9F7BB0}.Release|Any CPU.ActiveCfg = Release|Any CPU
		{3933C472-9D70-4CC0-B703-4EBD6E9F7BB0}.Release|Any CPU.Build.0 = Release|Any CPU
	EndGlobalSection
	GlobalSection(SolutionProperties) = preSolution
		HideSolutionNode = FALSE
	EndGlobalSection
	GlobalSection(ExtensibilityGlobals) = postSolution
		SolutionGuid = {7F4B631D-BF72-4B08-BC1F-ABC84E933FA0}
	EndGlobalSection
EndGlobal
